
Microsoft Visual Studio Solution File, Format Version 11.00
# Visual Studio 2010
Project("{FAE04EC0-301F-11D3-BF4B-00C04F79EFBC}") = "多文档编辑器", "多文档编辑器\多文档编辑器.csproj", "{62244ADD-CF93-45F6-AE21-81C048F8B7F8}"
EndProject
Global
	GlobalSection(SolutionConfigurationPlatforms) = preSolution
		Debug|x86 = Debug|x86
		Release|x86 = Release|x86
	EndGlobalSection
	GlobalSection(ProjectConfigurationPlatforms) = postSolution
		{62244ADD-CF93-45F6-AE21-81C048F8B7F8}.Debug|x86.ActiveCfg = Debug|x86
		{62244ADD-CF93-45F6-AE21-81C048F8B7F8}.Debug|x86.Build.0 = Debug|x86
		{62244ADD-CF93-45F6-AE21-81C048F8B7F8}.Release|x86.ActiveCfg = Release|x86
		{62244ADD-CF93-45F6-AE21-81C048F8B7F8}.Release|x86.Build.0 = Release|x86
	EndGlobalSection
	GlobalSection(SolutionProperties) = preSolution
		HideSolutionNode = FALSE
	EndGlobalSection
EndGlobal
